
Microsoft Visual Studio Solution File, Format Version 12.00
# Visual Studio Version 17
VisualStudioVersion = 17.9.34902.65
MinimumVisualStudioVersion = 10.0.40219.1
Project("{FAE04EC0-301F-11D3-BF4B-00C04F79EFBC}") = "Tarea2", "Tarea2\Tarea2.csproj", "{784E686F-D125-41E1-9096-005A483624CA}"
EndProject
Global
	GlobalSection(SolutionConfigurationPlatforms) = preSolution
		Debug|Any CPU = Debug|Any CPU
		Release|Any CPU = Release|Any CPU
	EndGlobalSection
	GlobalSection(ProjectConfigurationPlatforms) = postSolution
		{784E686F-D125-41E1-9096-005A483624CA}.Debug|Any CPU.ActiveCfg = Debug|Any CPU
		{784E686F-D125-41E1-9096-005A483624CA}.Debug|Any CPU.Build.0 = Debug|Any CPU
		{784E686F-D125-41E1-9096-005A483624CA}.Release|Any CPU.ActiveCfg = Release|Any CPU
		{784E686F-D125-41E1-9096-005A483624CA}.Release|Any CPU.Build.0 = Release|Any CPU
	EndGlobalSection
	GlobalSection(SolutionProperties) = preSolution
		HideSolutionNode = FALSE
	EndGlobalSection
	GlobalSection(ExtensibilityGlobals) = postSolution
		SolutionGuid = {8529F872-C90B-4B07-BA03-7D22EAD64C3C}
	EndGlobalSection
EndGlobal
